// !$*UTF8*$!
{
	archiveVersion = 1;
	classes = {
	};
	objectVersion = 56;
	objects = {

/* Begin PBXBuildFile section */
		9D0711D929B5E68400BAF050 /* AppDelegate.swift in Sources */ = {isa = PBXBuildFile; fileRef = 9D0711D829B5E68400BAF050 /* AppDelegate.swift */; };
		9D0711DB29B5E68400BAF050 /* SceneDelegate.swift in Sources */ = {isa = PBXBuildFile; fileRef = 9D0711DA29B5E68400BAF050 /* SceneDelegate.swift */; };
		9D0711DD29B5E68400BAF050 /* InputViewController.swift in Sources */ = {isa = PBXBuildFile; fileRef = 9D0711DC29B5E68400BAF050 /* InputViewController.swift */; };
		9D0711E029B5E68400BAF050 /* Main.storyboard in Resources */ = {isa = PBXBuildFile; fileRef = 9D0711DE29B5E68400BAF050 /* Main.storyboard */; };
		9D0711E229B5E68500BAF050 /* Assets.xcassets in Resources */ = {isa = PBXBuildFile; fileRef = 9D0711E129B5E68500BAF050 /* Assets.xcassets */; };
		9D0711E529B5E68500BAF050 /* LaunchScreen.storyboard in Resources */ = {isa = PBXBuildFile; fileRef = 9D0711E329B5E68500BAF050 /* LaunchScreen.storyboard */; };
		9D0711F029B5E68500BAF050 /* poker_app_iosTests.swift in Sources */ = {isa = PBXBuildFile; fileRef = 9D0711EF29B5E68500BAF050 /* poker_app_iosTests.swift */; };
		9D0711FA29B5E68500BAF050 /* poker_app_iosUITests.swift in Sources */ = {isa = PBXBuildFile; fileRef = 9D0711F929B5E68500BAF050 /* poker_app_iosUITests.swift */; };
		9D0711FC29B5E68500BAF050 /* poker_app_iosUITestsLaunchTests.swift in Sources */ = {isa = PBXBuildFile; fileRef = 9D0711FB29B5E68500BAF050 /* poker_app_iosUITestsLaunchTests.swift */; };
		9D07120C29B5E7D800BAF050 /* HandTableViewCell.swift in Sources */ = {isa = PBXBuildFile; fileRef = 9D07120B29B5E7D800BAF050 /* HandTableViewCell.swift */; };
		9D07120E29B5EB0000BAF050 /* Hand.swift in Sources */ = {isa = PBXBuildFile; fileRef = 9D07120D29B5EB0000BAF050 /* Hand.swift */; };
		9DCCF5DB29B9E0CD0053D947 /* SingletonClass.swift in Sources */ = {isa = PBXBuildFile; fileRef = 9DCCF5DA29B9E0CD0053D947 /* SingletonClass.swift */; };
		9DCCF5DD29BB24C30053D947 /* Card.swift in Sources */ = {isa = PBXBuildFile; fileRef = 9DCCF5DC29BB24C30053D947 /* Card.swift */; };
/* End PBXBuildFile section */

/* Begin PBXContainerItemProxy section */
		9D0711EC29B5E68500BAF050 /* PBXContainerItemProxy */ = {
			isa = PBXContainerItemProxy;
			containerPortal = 9D0711CD29B5E68400BAF050 /* Project object */;
			proxyType = 1;
			remoteGlobalIDString = 9D0711D429B5E68400BAF050;
			remoteInfo = "poker-app-ios";
		};
		9D0711F629B5E68500BAF050 /* PBXContainerItemProxy */ = {
			isa = PBXContainerItemProxy;
			containerPortal = 9D0711CD29B5E68400BAF050 /* Project object */;
			proxyType = 1;
			remoteGlobalIDString = 9D0711D429B5E68400BAF050;
			remoteInfo = "poker-app-ios";
		};
/* End PBXContainerItemProxy section */

/* Begin PBXFileReference section */
		9D0711D529B5E68400BAF050 /* poker-app-ios.app */ = {isa = PBXFileReference; explicitFileType = wrapper.application; includeInIndex = 0; path = "poker-app-ios.app"; sourceTree = BUILT_PRODUCTS_DIR; };
		9D0711D829B5E68400BAF050 /* AppDelegate.swift */ = {isa = PBXFileReference; lastKnownFileType = sourcecode.swift; path = AppDelegate.swift; sourceTree = "<group>"; };
		9D0711DA29B5E68400BAF050 /* SceneDelegate.swift */ = {isa = PBXFileReference; lastKnownFileType = sourcecode.swift; path = SceneDelegate.swift; sourceTree = "<group>"; };
		9D0711DC29B5E68400BAF050 /* InputViewController.swift */ = {isa = PBXFileReference; lastKnownFileType = sourcecode.swift; path = InputViewController.swift; sourceTree = "<group>"; };
		9D0711DF29B5E68400BAF050 /* Base */ = {isa = PBXFileReference; lastKnownFileType = file.storyboard; name = Base; path = Base.lproj/Main.storyboard; sourceTree = "<group>"; };
		9D0711E129B5E68500BAF050 /* Assets.xcassets */ = {isa = PBXFileReference; lastKnownFileType = folder.assetcatalog; path = Assets.xcassets; sourceTree = "<group>"; };
		9D0711E429B5E68500BAF050 /* Base */ = {isa = PBXFileReference; lastKnownFileType = file.storyboard; name = Base; path = Base.lproj/LaunchScreen.storyboard; sourceTree = "<group>"; };
		9D0711E629B5E68500BAF050 /* Info.plist */ = {isa = PBXFileReference; lastKnownFileType = text.plist.xml; path = Info.plist; sourceTree = "<group>"; };
		9D0711EB29B5E68500BAF050 /* poker-app-iosTests.xctest */ = {isa = PBXFileReference; explicitFileType = wrapper.cfbundle; includeInIndex = 0; path = "poker-app-iosTests.xctest"; sourceTree = BUILT_PRODUCTS_DIR; };
		9D0711EF29B5E68500BAF050 /* poker_app_iosTests.swift */ = {isa = PBXFileReference; lastKnownFileType = sourcecode.swift; path = poker_app_iosTests.swift; sourceTree = "<group>"; };
		9D0711F529B5E68500BAF050 /* poker-app-iosUITests.xctest */ = {isa = PBXFileReference; explicitFileType = wrapper.cfbundle; includeInIndex = 0; path = "poker-app-iosUITests.xctest"; sourceTree = BUILT_PRODUCTS_DIR; };
		9D0711F929B5E68500BAF050 /* poker_app_iosUITests.swift */ = {isa = PBXFileReference; lastKnownFileType = sourcecode.swift; path = poker_app_iosUITests.swift; sourceTree = "<group>"; };
		9D0711FB29B5E68500BAF050 /* poker_app_iosUITestsLaunchTests.swift */ = {isa = PBXFileReference; lastKnownFileType = sourcecode.swift; path = poker_app_iosUITestsLaunchTests.swift; sourceTree = "<group>"; };
		9D07120B29B5E7D800BAF050 /* HandTableViewCell.swift */ = {isa = PBXFileReference; lastKnownFileType = sourcecode.swift; path = HandTableViewCell.swift; sourceTree = "<group>"; tabWidth = 4; };
		9D07120D29B5EB0000BAF050 /* Hand.swift */ = {isa = PBXFileReference; lastKnownFileType = sourcecode.swift; path = Hand.swift; sourceTree = "<group>"; };
		9DCCF5DA29B9E0CD0053D947 /* SingletonClass.swift */ = {isa = PBXFileReference; lastKnownFileType = sourcecode.swift; path = SingletonClass.swift; sourceTree = "<group>"; };
		9DCCF5DC29BB24C30053D947 /* Card.swift */ = {isa = PBXFileReference; lastKnownFileType = sourcecode.swift; path = Card.swift; sourceTree = "<group>"; };
/* End PBXFileReference section */

/* Begin PBXFrameworksBuildPhase section */
		9D0711D229B5E68400BAF050 /* Frameworks */ = {
			isa = PBXFrameworksBuildPhase;
			buildActionMask = 2147483647;
			files = (
			);
			runOnlyForDeploymentPostprocessing = 0;
		};
		9D0711E829B5E68500BAF050 /* Frameworks */ = {
			isa = PBXFrameworksBuildPhase;
			buildActionMask = 2147483647;
			files = (
			);
			runOnlyForDeploymentPostprocessing = 0;
		};
		9D0711F229B5E68500BAF050 /* Frameworks */ = {
			isa = PBXFrameworksBuildPhase;
			buildActionMask = 2147483647;
			files = (
			);
			runOnlyForDeploymentPostprocessing = 0;
		};
/* End PBXFrameworksBuildPhase section */

/* Begin PBXGroup section */
		9D0711CC29B5E68400BAF050 = {
			isa = PBXGroup;
			children = (
				9D0711D729B5E68400BAF050 /* poker-app-ios */,
				9D0711EE29B5E68500BAF050 /* poker-app-iosTests */,
				9D0711F829B5E68500BAF050 /* poker-app-iosUITests */,
				9D0711D629B5E68400BAF050 /* Products */,
			);
			sourceTree = "<group>";
		};
		9D0711D629B5E68400BAF050 /* Products */ = {
			isa = PBXGroup;
			children = (
				9D0711D529B5E68400BAF050 /* poker-app-ios.app */,
				9D0711EB29B5E68500BAF050 /* poker-app-iosTests.xctest */,
				9D0711F529B5E68500BAF050 /* poker-app-iosUITests.xctest */,
			);
			name = Products;
			sourceTree = "<group>";
		};
		9D0711D729B5E68400BAF050 /* poker-app-ios */ = {
			isa = PBXGroup;
			children = (
				9D07120A29B5E6A300BAF050 /* Resources */,
				9D07120929B5E69A00BAF050 /* Model */,
				9D07120829B5E69100BAF050 /* Controller */,
				9D0711D829B5E68400BAF050 /* AppDelegate.swift */,
				9D0711DA29B5E68400BAF050 /* SceneDelegate.swift */,
				9D0711E629B5E68500BAF050 /* Info.plist */,
				9DCCF5DA29B9E0CD0053D947 /* SingletonClass.swift */,
			);
			path = "poker-app-ios";
			sourceTree = "<group>";
		};
		9D0711EE29B5E68500BAF050 /* poker-app-iosTests */ = {
			isa = PBXGroup;
			children = (
				9D0711EF29B5E68500BAF050 /* poker_app_iosTests.swift */,
			);
			path = "poker-app-iosTests";
			sourceTree = "<group>";
		};
		9D0711F829B5E68500BAF050 /* poker-app-iosUITests */ = {
			isa = PBXGroup;
			children = (
				9D0711F929B5E68500BAF050 /* poker_app_iosUITests.swift */,
				9D0711FB29B5E68500BAF050 /* poker_app_iosUITestsLaunchTests.swift */,
			);
			path = "poker-app-iosUITests";
			sourceTree = "<group>";
		};
		9D07120829B5E69100BAF050 /* Controller */ = {
			isa = PBXGroup;
			children = (
				9D0711DC29B5E68400BAF050 /* InputViewController.swift */,
				9D07120B29B5E7D800BAF050 /* HandTableViewCell.swift */,
			);
			path = Controller;
			sourceTree = "<group>";
		};
		9D07120929B5E69A00BAF050 /* Model */ = {
			isa = PBXGroup;
			children = (
				9D07120D29B5EB0000BAF050 /* Hand.swift */,
				9DCCF5DC29BB24C30053D947 /* Card.swift */,
			);
			path = Model;
			sourceTree = "<group>";
		};
		9D07120A29B5E6A300BAF050 /* Resources */ = {
			isa = PBXGroup;
			children = (
				9D0711DE29B5E68400BAF050 /* Main.storyboard */,
				9D0711E129B5E68500BAF050 /* Assets.xcassets */,
				9D0711E329B5E68500BAF050 /* LaunchScreen.storyboard */,
			);
			path = Resources;
			sourceTree = "<group>";
		};
/* End PBXGroup section */

/* Begin PBXNativeTarget section */
		9D0711D429B5E68400BAF050 /* poker-app-ios */ = {
			isa = PBXNativeTarget;
			buildConfigurationList = 9D0711FF29B5E68500BAF050 /* Build configuration list for PBXNativeTarget "poker-app-ios" */;
			buildPhases = (
				9D0711D129B5E68400BAF050 /* Sources */,
				9D0711D229B5E68400BAF050 /* Frameworks */,
				9D0711D329B5E68400BAF050 /* Resources */,
			);
			buildRules = (
			);
			dependencies = (
			);
			name = "poker-app-ios";
			productName = "poker-app-ios";
			productReference = 9D0711D529B5E68400BAF050 /* poker-app-ios.app */;
			productType = "com.apple.product-type.application";
		};
		9D0711EA29B5E68500BAF050 /* poker-app-iosTests */ = {
			isa = PBXNativeTarget;
			buildConfigurationList = 9D07120229B5E68500BAF050 /* Build configuration list for PBXNativeTarget "poker-app-iosTests" */;
			buildPhases = (
				9D0711E729B5E68500BAF050 /* Sources */,
				9D0711E829B5E68500BAF050 /* Frameworks */,
				9D0711E929B5E68500BAF050 /* Resources */,
			);
			buildRules = (
			);
			dependencies = (
				9D0711ED29B5E68500BAF050 /* PBXTargetDependency */,
			);
			name = "poker-app-iosTests";
			productName = "poker-app-iosTests";
			productReference = 9D0711EB29B5E68500BAF050 /* poker-app-iosTests.xctest */;
			productType = "com.apple.product-type.bundle.unit-test";
		};
		9D0711F429B5E68500BAF050 /* poker-app-iosUITests */ = {
			isa = PBXNativeTarget;
			buildConfigurationList = 9D07120529B5E68500BAF050 /* Build configuration list for PBXNativeTarget "poker-app-iosUITests" */;
			buildPhases = (
				9D0711F129B5E68500BAF050 /* Sources */,
				9D0711F229B5E68500BAF050 /* Frameworks */,
				9D0711F329B5E68500BAF050 /* Resources */,
			);
			buildRules = (
			);
			dependencies = (
				9D0711F729B5E68500BAF050 /* PBXTargetDependency */,
			);
			name = "poker-app-iosUITests";
			productName = "poker-app-iosUITests";
			productReference = 9D0711F529B5E68500BAF050 /* poker-app-iosUITests.xctest */;
			productType = "com.apple.product-type.bundle.ui-testing";
		};
/* End PBXNativeTarget section */

/* Begin PBXProject section */
		9D0711CD29B5E68400BAF050 /* Project object */ = {
			isa = PBXProject;
			attributes = {
				BuildIndependentTargetsInParallel = 1;
				LastSwiftUpdateCheck = 1410;
				LastUpgradeCheck = 1410;
				TargetAttributes = {
					9D0711D429B5E68400BAF050 = {
						CreatedOnToolsVersion = 14.1;
					};
					9D0711EA29B5E68500BAF050 = {
						CreatedOnToolsVersion = 14.1;
						TestTargetID = 9D0711D429B5E68400BAF050;
					};
					9D0711F429B5E68500BAF050 = {
						CreatedOnToolsVersion = 14.1;
						TestTargetID = 9D0711D429B5E68400BAF050;
					};
				};
			};
			buildConfigurationList = 9D0711D029B5E68400BAF050 /* Build configuration list for PBXProject "poker-app-ios" */;
			compatibilityVersion = "Xcode 14.0";
			developmentRegion = en;
			hasScannedForEncodings = 0;
			knownRegions = (
				en,
				Base,
			);
			mainGroup = 9D0711CC29B5E68400BAF050;
			productRefGroup = 9D0711D629B5E68400BAF050 /* Products */;
			projectDirPath = "";
			projectRoot = "";
			targets = (
				9D0711D429B5E68400BAF050 /* poker-app-ios */,
				9D0711EA29B5E68500BAF050 /* poker-app-iosTests */,
				9D0711F429B5E68500BAF050 /* poker-app-iosUITests */,
			);
		};
/* End PBXProject section */

/* Begin PBXResourcesBuildPhase section */
		9D0711D329B5E68400BAF050 /* Resources */ = {
			isa = PBXResourcesBuildPhase;
			buildActionMask = 2147483647;
			files = (
				9D0711E529B5E68500BAF050 /* LaunchScreen.storyboard in Resources */,
				9D0711E229B5E68500BAF050 /* Assets.xcassets in Resources */,
				9D0711E029B5E68400BAF050 /* Main.storyboard in Resources */,
			);
			runOnlyForDeploymentPostprocessing = 0;
		};
		9D0711E929B5E68500BAF050 /* Resources */ = {
			isa = PBXResourcesBuildPhase;
			buildActionMask = 2147483647;
			files = (
			);
			runOnlyForDeploymentPostprocessing = 0;
		};
		9D0711F329B5E68500BAF050 /* Resources */ = {
			isa = PBXResourcesBuildPhase;
			buildActionMask = 2147483647;
			files = (
			);
			runOnlyForDeploymentPostprocessing = 0;
		};
/* End PBXResourcesBuildPhase section */

/* Begin PBXSourcesBuildPhase section */
		9D0711D129B5E68400BAF050 /* Sources */ = {
			isa = PBXSourcesBuildPhase;
			buildActionMask = 2147483647;
			files = (
				9DCCF5DB29B9E0CD0053D947 /* SingletonClass.swift in Sources */,
				9D07120C29B5E7D800BAF050 /* HandTableViewCell.swift in Sources */,
				9DCCF5DD29BB24C30053D947 /* Card.swift in Sources */,
				9D07120E29B5EB0000BAF050 /* Hand.swift in Sources */,
				9D0711DD29B5E68400BAF050 /* InputViewController.swift in Sources */,
				9D0711D929B5E68400BAF050 /* AppDelegate.swift in Sources */,
				9D0711DB29B5E68400BAF050 /* SceneDelegate.swift in Sources */,
			);
			runOnlyForDeploymentPostprocessing = 0;
		};
		9D0711E729B5E68500BAF050 /* Sources */ = {
			isa = PBXSourcesBuildPhase;
			buildActionMask = 2147483647;
			files = (
				9D0711F029B5E68500BAF050 /* poker_app_iosTests.swift in Sources */,
			);
			runOnlyForDeploymentPostprocessing = 0;
		};
		9D0711F129B5E68500BAF050 /* Sources */ = {
			isa = PBXSourcesBuildPhase;
			buildActionMask = 2147483647;
			files = (
				9D0711FC29B5E68500BAF050 /* poker_app_iosUITestsLaunchTests.swift in Sources */,
				9D0711FA29B5E68500BAF050 /* poker_app_iosUITests.swift in Sources */,
			);
			runOnlyForDeploymentPostprocessing = 0;
		};
/* End PBXSourcesBuildPhase section */

/* Begin PBXTargetDependency section */
		9D0711ED29B5E68500BAF050 /* PBXTargetDependency */ = {
			isa = PBXTargetDependency;
			target = 9D0711D429B5E68400BAF050 /* poker-app-ios */;
			targetProxy = 9D0711EC29B5E68500BAF050 /* PBXContainerItemProxy */;
		};
		9D0711F729B5E68500BAF050 /* PBXTargetDependency */ = {
			isa = PBXTargetDependency;
			target = 9D0711D429B5E68400BAF050 /* poker-app-ios */;
			targetProxy = 9D0711F629B5E68500BAF050 /* PBXContainerItemProxy */;
		};
/* End PBXTargetDependency section */

/* Begin PBXVariantGroup section */
		9D0711DE29B5E68400BAF050 /* Main.storyboard */ = {
			isa = PBXVariantGroup;
			children = (
				9D0711DF29B5E68400BAF050 /* Base */,
			);
			name = Main.storyboard;
			sourceTree = "<group>";
		};
		9D0711E329B5E68500BAF050 /* LaunchScreen.storyboard */ = {
			isa = PBXVariantGroup;
			children = (
				9D0711E429B5E68500BAF050 /* Base */,
			);
			name = LaunchScreen.storyboard;
			sourceTree = "<group>";
		};
/* End PBXVariantGroup section */

/* Begin XCBuildConfiguration section */
		9D0711FD29B5E68500BAF050 /* Debug */ = {
			isa = XCBuildConfiguration;
			buildSettings = {
				ALWAYS_SEARCH_USER_PATHS = NO;
				CLANG_ANALYZER_NONNULL = YES;
				CLANG_ANALYZER_NUMBER_OBJECT_CONVERSION = YES_AGGRESSIVE;
				CLANG_CXX_LANGUAGE_STANDARD = "gnu++20";
				CLANG_ENABLE_MODULES = YES;
				CLANG_ENABLE_OBJC_ARC = YES;
				CLANG_ENABLE_OBJC_WEAK = YES;
				CLANG_WARN_BLOCK_CAPTURE_AUTORELEASING = YES;
				CLANG_WARN_BOOL_CONVERSION = YES;
				CLANG_WARN_COMMA = YES;
				CLANG_WARN_CONSTANT_CONVERSION = YES;
				CLANG_WARN_DEPRECATED_OBJC_IMPLEMENTATIONS = YES;
				CLANG_WARN_DIRECT_OBJC_ISA_USAGE = YES_ERROR;
				CLANG_WARN_DOCUMENTATION_COMMENTS = YES;
				CLANG_WARN_EMPTY_BODY = YES;
				CLANG_WARN_ENUM_CONVERSION = YES;
				CLANG_WARN_INFINITE_RECURSION = YES;
				CLANG_WARN_INT_CONVERSION = YES;
				CLANG_WARN_NON_LITERAL_NULL_CONVERSION = YES;
				CLANG_WARN_OBJC_IMPLICIT_RETAIN_SELF = YES;
				CLANG_WARN_OBJC_LITERAL_CONVERSION = YES;
				CLANG_WARN_OBJC_ROOT_CLASS = YES_ERROR;
				CLANG_WARN_QUOTED_INCLUDE_IN_FRAMEWORK_HEADER = YES;
				CLANG_WARN_RANGE_LOOP_ANALYSIS = YES;
				CLANG_WARN_STRICT_PROTOTYPES = YES;
				CLANG_WARN_SUSPICIOUS_MOVE = YES;
				CLANG_WARN_UNGUARDED_AVAILABILITY = YES_AGGRESSIVE;
				CLANG_WARN_UNREACHABLE_CODE = YES;
				CLANG_WARN__DUPLICATE_METHOD_MATCH = YES;
				COPY_PHASE_STRIP = NO;
				DEBUG_INFORMATION_FORMAT = dwarf;
				ENABLE_HARDENED_RUNTIME = NO;
				ENABLE_STRICT_OBJC_MSGSEND = YES;
				ENABLE_TESTABILITY = YES;
				GCC_C_LANGUAGE_STANDARD = gnu11;
				GCC_DYNAMIC_NO_PIC = NO;
				GCC_NO_COMMON_BLOCKS = YES;
				GCC_OPTIMIZATION_LEVEL = 0;
				GCC_PREPROCESSOR_DEFINITIONS = (
					"DEBUG=1",
					"$(inherited)",
				);
				GCC_WARN_64_TO_32_BIT_CONVERSION = YES;
				GCC_WARN_ABOUT_RETURN_TYPE = YES_ERROR;
				GCC_WARN_UNDECLARED_SELECTOR = YES;
				GCC_WARN_UNINITIALIZED_AUTOS = YES_AGGRESSIVE;
				GCC_WARN_UNUSED_FUNCTION = YES;
				GCC_WARN_UNUSED_VARIABLE = YES;
				IPHONEOS_DEPLOYMENT_TARGET = 16.1;
				MTL_ENABLE_DEBUG_INFO = INCLUDE_SOURCE;
				MTL_FAST_MATH = YES;
				ONLY_ACTIVE_ARCH = YES;
				SDKROOT = iphoneos;
				SWIFT_ACTIVE_COMPILATION_CONDITIONS = DEBUG;
				SWIFT_OPTIMIZATION_LEVEL = "-Onone";
			};
			name = Debug;
		};
		9D0711FE29B5E68500BAF050 /* Release */ = {
			isa = XCBuildConfiguration;
			buildSettings = {
				ALWAYS_SEARCH_USER_PATHS = NO;
				CLANG_ANALYZER_NONNULL = YES;
				CLANG_ANALYZER_NUMBER_OBJECT_CONVERSION = YES_AGGRESSIVE;
				CLANG_CXX_LANGUAGE_STANDARD = "gnu++20";
				CLANG_ENABLE_MODULES = YES;
				CLANG_ENABLE_OBJC_ARC = YES;
				CLANG_ENABLE_OBJC_WEAK = YES;
				CLANG_WARN_BLOCK_CAPTURE_AUTORELEASING = YES;
				CLANG_WARN_BOOL_CONVERSION = YES;
				CLANG_WARN_COMMA = YES;
				CLANG_WARN_CONSTANT_CONVERSION = YES;
				CLANG_WARN_DEPRECATED_OBJC_IMPLEMENTATIONS = YES;
				CLANG_WARN_DIRECT_OBJC_ISA_USAGE = YES_ERROR;
				CLANG_WARN_DOCUMENTATION_COMMENTS = YES;
				CLANG_WARN_EMPTY_BODY = YES;
				CLANG_WARN_ENUM_CONVERSION = YES;
				CLANG_WARN_INFINITE_RECURSION = YES;
				CLANG_WARN_INT_CONVERSION = YES;
				CLANG_WARN_NON_LITERAL_NULL_CONVERSION = YES;
				CLANG_WARN_OBJC_IMPLICIT_RETAIN_SELF = YES;
				CLANG_WARN_OBJC_LITERAL_CONVERSION = YES;
				CLANG_WARN_OBJC_ROOT_CLASS = YES_ERROR;
				CLANG_WARN_QUOTED_INCLUDE_IN_FRAMEWORK_HEADER = YES;
				CLANG_WARN_RANGE_LOOP_ANALYSIS = YES;
				CLANG_WARN_STRICT_PROTOTYPES = YES;
				CLANG_WARN_SUSPICIOUS_MOVE = YES;
				CLANG_WARN_UNGUARDED_AVAILABILITY = YES_AGGRESSIVE;
				CLANG_WARN_UNREACHABLE_CODE = YES;
				CLANG_WARN__DUPLICATE_METHOD_MATCH = YES;
				COPY_PHASE_STRIP = NO;
				DEBUG_INFORMATION_FORMAT = "dwarf-with-dsym";
				ENABLE_HARDENED_RUNTIME = NO;
				ENABLE_NS_ASSERTIONS = NO;
				ENABLE_STRICT_OBJC_MSGSEND = YES;
				GCC_C_LANGUAGE_STANDARD = gnu11;
				GCC_NO_COMMON_BLOCKS = YES;
				GCC_WARN_64_TO_32_BIT_CONVERSION = YES;
				GCC_WARN_ABOUT_RETURN_TYPE = YES_ERROR;
				GCC_WARN_UNDECLARED_SELECTOR = YES;
				GCC_WARN_UNINITIALIZED_AUTOS = YES_AGGRESSIVE;
				GCC_WARN_UNUSED_FUNCTION = YES;
				GCC_WARN_UNUSED_VARIABLE = YES;
				IPHONEOS_DEPLOYMENT_TARGET = 16.1;
				MTL_ENABLE_DEBUG_INFO = NO;
				MTL_FAST_MATH = YES;
				SDKROOT = iphoneos;
				SWIFT_COMPILATION_MODE = wholemodule;
				SWIFT_OPTIMIZATION_LEVEL = "-O";
				VALIDATE_PRODUCT = YES;
			};
			name = Release;
		};
		9D07120029B5E68500BAF050 /* Debug */ = {
			isa = XCBuildConfiguration;
			buildSettings = {
				ASSETCATALOG_COMPILER_APPICON_NAME = AppIcon;
				ASSETCATALOG_COMPILER_GLOBAL_ACCENT_COLOR_NAME = AccentColor;
				CODE_SIGN_STYLE = Automatic;
				CURRENT_PROJECT_VERSION = 1;
				GENERATE_INFOPLIST_FILE = YES;
				INFOPLIST_FILE = "poker-app-ios/Info.plist";
				INFOPLIST_KEY_UIApplicationSupportsIndirectInputEvents = YES;
				INFOPLIST_KEY_UILaunchStoryboardName = LaunchScreen;
				INFOPLIST_KEY_UIMainStoryboardFile = Main;
				INFOPLIST_KEY_UISupportedInterfaceOrientations_iPad = "UIInterfaceOrientationPortrait UIInterfaceOrientationPortraitUpsideDown UIInterfaceOrientationLandscapeLeft UIInterfaceOrientationLandscapeRight";
				INFOPLIST_KEY_UISupportedInterfaceOrientations_iPhone = "UIInterfaceOrientationPortrait UIInterfaceOrientationLandscapeLeft UIInterfaceOrientationLandscapeRight";
				LD_RUNPATH_SEARCH_PATHS = (
					"$(inherited)",
					"@executable_path/Frameworks",
				);
				MARKETING_VERSION = 1.0;
				PRODUCT_BUNDLE_IDENTIFIER = "netprotections.poker-app-ios";
				PRODUCT_NAME = "$(TARGET_NAME)";
				SWIFT_EMIT_LOC_STRINGS = YES;
				SWIFT_VERSION = 5.0;
				TARGETED_DEVICE_FAMILY = "1,2";
			};
			name = Debug;
		};
		9D07120129B5E68500BAF050 /* Release */ = {
			isa = XCBuildConfiguration;
			buildSettings = {
				ASSETCATALOG_COMPILER_APPICON_NAME = AppIcon;
				ASSETCATALOG_COMPILER_GLOBAL_ACCENT_COLOR_NAME = AccentColor;
				CODE_SIGN_STYLE = Automatic;
				CURRENT_PROJECT_VERSION = 1;
				GENERATE_INFOPLIST_FILE = YES;
				INFOPLIST_FILE = "poker-app-ios/Info.plist";
				INFOPLIST_KEY_UIApplicationSupportsIndirectInputEvents = YES;
				INFOPLIST_KEY_UILaunchStoryboardName = LaunchScreen;
				INFOPLIST_KEY_UIMainStoryboardFile = Main;
				INFOPLIST_KEY_UISupportedInterfaceOrientations_iPad = "UIInterfaceOrientationPortrait UIInterfaceOrientationPortraitUpsideDown UIInterfaceOrientationLandscapeLeft UIInterfaceOrientationLandscapeRight";
				INFOPLIST_KEY_UISupportedInterfaceOrientations_iPhone = "UIInterfaceOrientationPortrait UIInterfaceOrientationLandscapeLeft UIInterfaceOrientationLandscapeRight";
				LD_RUNPATH_SEARCH_PATHS = (
					"$(inherited)",
					"@executable_path/Frameworks",
				);
				MARKETING_VERSION = 1.0;
				PRODUCT_BUNDLE_IDENTIFIER = "netprotections.poker-app-ios";
				PRODUCT_NAME = "$(TARGET_NAME)";
				SWIFT_EMIT_LOC_STRINGS = YES;
				SWIFT_VERSION = 5.0;
				TARGETED_DEVICE_FAMILY = "1,2";
			};
			name = Release;
		};
		9D07120329B5E68500BAF050 /* Debug */ = {
			isa = XCBuildConfiguration;
			buildSettings = {
				ALWAYS_EMBED_SWIFT_STANDARD_LIBRARIES = YES;
				BUNDLE_LOADER = "$(TEST_HOST)";
				CODE_SIGN_STYLE = Automatic;
				CURRENT_PROJECT_VERSION = 1;
				GENERATE_INFOPLIST_FILE = YES;
				IPHONEOS_DEPLOYMENT_TARGET = 16.1;
				MARKETING_VERSION = 1.0;
				PRODUCT_BUNDLE_IDENTIFIER = "netprotections.poker-app-iosTests";
				PRODUCT_NAME = "$(TARGET_NAME)";
				SWIFT_EMIT_LOC_STRINGS = NO;
				SWIFT_VERSION = 5.0;
				TARGETED_DEVICE_FAMILY = "1,2";
				TEST_HOST = "$(BUILT_PRODUCTS_DIR)/poker-app-ios.app/$(BUNDLE_EXECUTABLE_FOLDER_PATH)/poker-app-ios";
			};
			name = Debug;
		};
		9D07120429B5E68500BAF050 /* Release */ = {
			isa = XCBuildConfiguration;
			buildSettings = {
				ALWAYS_EMBED_SWIFT_STANDARD_LIBRARIES = YES;
				BUNDLE_LOADER = "$(TEST_HOST)";
				CODE_SIGN_STYLE = Automatic;
				CURRENT_PROJECT_VERSION = 1;
				GENERATE_INFOPLIST_FILE = YES;
				IPHONEOS_DEPLOYMENT_TARGET = 16.1;
				MARKETING_VERSION = 1.0;
				PRODUCT_BUNDLE_IDENTIFIER = "netprotections.poker-app-iosTests";
				PRODUCT_NAME = "$(TARGET_NAME)";
				SWIFT_EMIT_LOC_STRINGS = NO;
				SWIFT_VERSION = 5.0;
				TARGETED_DEVICE_FAMILY = "1,2";
				TEST_HOST = "$(BUILT_PRODUCTS_DIR)/poker-app-ios.app/$(BUNDLE_EXECUTABLE_FOLDER_PATH)/poker-app-ios";
			};
			name = Release;
		};
		9D07120629B5E68500BAF050 /* Debug */ = {
			isa = XCBuildConfiguration;
			buildSettings = {
				ALWAYS_EMBED_SWIFT_STANDARD_LIBRARIES = YES;
				CODE_SIGN_STYLE = Automatic;
				CURRENT_PROJECT_VERSION = 1;
				GENERATE_INFOPLIST_FILE = YES;
				MARKETING_VERSION = 1.0;
				PRODUCT_BUNDLE_IDENTIFIER = "netprotections.poker-app-iosUITests";
				PRODUCT_NAME = "$(TARGET_NAME)";
				SWIFT_EMIT_LOC_STRINGS = NO;
				SWIFT_VERSION = 5.0;
				TARGETED_DEVICE_FAMILY = "1,2";
				TEST_TARGET_NAME = "poker-app-ios";
			};
			name = Debug;
		};
		9D07120729B5E68500BAF050 /* Release */ = {
			isa = XCBuildConfiguration;
			buildSettings = {
				ALWAYS_EMBED_SWIFT_STANDARD_LIBRARIES = YES;
				CODE_SIGN_STYLE = Automatic;
				CURRENT_PROJECT_VERSION = 1;
				GENERATE_INFOPLIST_FILE = YES;
				MARKETING_VERSION = 1.0;
				PRODUCT_BUNDLE_IDENTIFIER = "netprotections.poker-app-iosUITests";
				PRODUCT_NAME = "$(TARGET_NAME)";
				SWIFT_EMIT_LOC_STRINGS = NO;
				SWIFT_VERSION = 5.0;
				TARGETED_DEVICE_FAMILY = "1,2";
				TEST_TARGET_NAME = "poker-app-ios";
			};
			name = Release;
		};
/* End XCBuildConfiguration section */

/* Begin XCConfigurationList section */
		9D0711D029B5E68400BAF050 /* Build configuration list for PBXProject "poker-app-ios" */ = {
			isa = XCConfigurationList;
			buildConfigurations = (
				9D0711FD29B5E68500BAF050 /* Debug */,
				9D0711FE29B5E68500BAF050 /* Release */,
			);
			defaultConfigurationIsVisible = 0;
			defaultConfigurationName = Release;
		};
		9D0711FF29B5E68500BAF050 /* Build configuration list for PBXNativeTarget "poker-app-ios" */ = {
			isa = XCConfigurationList;
			buildConfigurations = (
				9D07120029B5E68500BAF050 /* Debug */,
				9D07120129B5E68500BAF050 /* Release */,
			);
			defaultConfigurationIsVisible = 0;
			defaultConfigurationName = Release;
		};
		9D07120229B5E68500BAF050 /* Build configuration list for PBXNativeTarget "poker-app-iosTests" */ = {
			isa = XCConfigurationList;
			buildConfigurations = (
				9D07120329B5E68500BAF050 /* Debug */,
				9D07120429B5E68500BAF050 /* Release */,
			);
			defaultConfigurationIsVisible = 0;
			defaultConfigurationName = Release;
		};
		9D07120529B5E68500BAF050 /* Build configuration list for PBXNativeTarget "poker-app-iosUITests" */ = {
			isa = XCConfigurationList;
			buildConfigurations = (
				9D07120629B5E68500BAF050 /* Debug */,
				9D07120729B5E68500BAF050 /* Release */,
			);
			defaultConfigurationIsVisible = 0;
			defaultConfigurationName = Release;
		};
/* End XCConfigurationList section */
	};
	rootObject = 9D0711CD29B5E68400BAF050 /* Project object */;
}
